// !$*UTF8*$!
{
	archiveVersion = 1;
	classes = {
	};
	objectVersion = 55;
	objects = {

/* Begin PBXBuildFile section */
		306DFCC2285F688A00C96219 /* BitMaskCategory.swift in Sources */ = {isa = PBXBuildFile; fileRef = 306DFCC1285F688A00C96219 /* BitMaskCategory.swift */; };
		306DFCC42860B6DF00C96219 /* VirtualObject.swift in Sources */ = {isa = PBXBuildFile; fileRef = 306DFCC32860B6DE00C96219 /* VirtualObject.swift */; };
		30D6D0C4285CD7C4003D3696 /* AppDelegate.swift in Sources */ = {isa = PBXBuildFile; fileRef = 30D6D0C3285CD7C4003D3696 /* AppDelegate.swift */; };
		30D6D0C6285CD7C4003D3696 /* art.scnassets in Resources */ = {isa = PBXBuildFile; fileRef = 30D6D0C5285CD7C4003D3696 /* art.scnassets */; };
		30D6D0C8285CD7C4003D3696 /* ViewController.swift in Sources */ = {isa = PBXBuildFile; fileRef = 30D6D0C7285CD7C4003D3696 /* ViewController.swift */; };
		30D6D0CB285CD7C4003D3696 /* Main.storyboard in Resources */ = {isa = PBXBuildFile; fileRef = 30D6D0C9285CD7C4003D3696 /* Main.storyboard */; };
		30D6D0CD285CD7C6003D3696 /* Assets.xcassets in Resources */ = {isa = PBXBuildFile; fileRef = 30D6D0CC285CD7C6003D3696 /* Assets.xcassets */; };
		30D6D0D0285CD7C6003D3696 /* LaunchScreen.storyboard in Resources */ = {isa = PBXBuildFile; fileRef = 30D6D0CE285CD7C6003D3696 /* LaunchScreen.storyboard */; };
		30D6D0D7285CD7F4003D3696 /* Plane.swift in Sources */ = {isa = PBXBuildFile; fileRef = 30D6D0D6285CD7F4003D3696 /* Plane.swift */; };
		30D6D0D9285D2960003D3696 /* Box.swift in Sources */ = {isa = PBXBuildFile; fileRef = 30D6D0D8285D2960003D3696 /* Box.swift */; };
/* End PBXBuildFile section */

/* Begin PBXFileReference section */
		306DFCC1285F688A00C96219 /* BitMaskCategory.swift */ = {isa = PBXFileReference; lastKnownFileType = sourcecode.swift; path = BitMaskCategory.swift; sourceTree = "<group>"; };
		306DFCC32860B6DE00C96219 /* VirtualObject.swift */ = {isa = PBXFileReference; lastKnownFileType = sourcecode.swift; path = VirtualObject.swift; sourceTree = "<group>"; };
		30D6D0C0285CD7C4003D3696 /* ARKitPlanes.app */ = {isa = PBXFileReference; explicitFileType = wrapper.application; includeInIndex = 0; path = ARKitPlanes.app; sourceTree = BUILT_PRODUCTS_DIR; };
		30D6D0C3285CD7C4003D3696 /* AppDelegate.swift */ = {isa = PBXFileReference; lastKnownFileType = sourcecode.swift; path = AppDelegate.swift; sourceTree = "<group>"; };
		30D6D0C5285CD7C4003D3696 /* art.scnassets */ = {isa = PBXFileReference; lastKnownFileType = wrapper.scnassets; path = art.scnassets; sourceTree = "<group>"; };
		30D6D0C7285CD7C4003D3696 /* ViewController.swift */ = {isa = PBXFileReference; lastKnownFileType = sourcecode.swift; path = ViewController.swift; sourceTree = "<group>"; };
		30D6D0CA285CD7C4003D3696 /* Base */ = {isa = PBXFileReference; lastKnownFileType = file.storyboard; name = Base; path = Base.lproj/Main.storyboard; sourceTree = "<group>"; };
		30D6D0CC285CD7C6003D3696 /* Assets.xcassets */ = {isa = PBXFileReference; lastKnownFileType = folder.assetcatalog; path = Assets.xcassets; sourceTree = "<group>"; };
		30D6D0CF285CD7C6003D3696 /* Base */ = {isa = PBXFileReference; lastKnownFileType = file.storyboard; name = Base; path = Base.lproj/LaunchScreen.storyboard; sourceTree = "<group>"; };
		30D6D0D6285CD7F4003D3696 /* Plane.swift */ = {isa = PBXFileReference; lastKnownFileType = sourcecode.swift; path = Plane.swift; sourceTree = "<group>"; };
		30D6D0D8285D2960003D3696 /* Box.swift */ = {isa = PBXFileReference; lastKnownFileType = sourcecode.swift; path = Box.swift; sourceTree = "<group>"; };
/* End PBXFileReference section */

/* Begin PBXFrameworksBuildPhase section */
		30D6D0BD285CD7C4003D3696 /* Frameworks */ = {
			isa = PBXFrameworksBuildPhase;
			buildActionMask = 2147483647;
			files = (
			);
			runOnlyForDeploymentPostprocessing = 0;
		};
/* End PBXFrameworksBuildPhase section */

/* Begin PBXGroup section */
		30D6D0B7285CD7C4003D3696 = {
			isa = PBXGroup;
			children = (
				30D6D0C2285CD7C4003D3696 /* ARKitPlanes */,
				30D6D0C1285CD7C4003D3696 /* Products */,
			);
			sourceTree = "<group>";
		};
		30D6D0C1285CD7C4003D3696 /* Products */ = {
			isa = PBXGroup;
			children = (
				30D6D0C0285CD7C4003D3696 /* ARKitPlanes.app */,
			);
			name = Products;
			sourceTree = "<group>";
		};
		30D6D0C2285CD7C4003D3696 /* ARKitPlanes */ = {
			isa = PBXGroup;
			children = (
				30D6D0C3285CD7C4003D3696 /* AppDelegate.swift */,
				30D6D0C5285CD7C4003D3696 /* art.scnassets */,
				30D6D0C7285CD7C4003D3696 /* ViewController.swift */,
				306DFCC1285F688A00C96219 /* BitMaskCategory.swift */,
				30D6D0D6285CD7F4003D3696 /* Plane.swift */,
				306DFCC32860B6DE00C96219 /* VirtualObject.swift */,
				30D6D0D8285D2960003D3696 /* Box.swift */,
				30D6D0C9285CD7C4003D3696 /* Main.storyboard */,
				30D6D0CC285CD7C6003D3696 /* Assets.xcassets */,
				30D6D0CE285CD7C6003D3696 /* LaunchScreen.storyboard */,
			);
			path = ARKitPlanes;
			sourceTree = "<group>";
		};
/* End PBXGroup section */

/* Begin PBXNativeTarget section */
		30D6D0BF285CD7C4003D3696 /* ARKitPlanes */ = {
			isa = PBXNativeTarget;
			buildConfigurationList = 30D6D0D3285CD7C6003D3696 /* Build configuration list for PBXNativeTarget "ARKitPlanes" */;
			buildPhases = (
				30D6D0BC285CD7C4003D3696 /* Sources */,
				30D6D0BD285CD7C4003D3696 /* Frameworks */,
				30D6D0BE285CD7C4003D3696 /* Resources */,
			);
			buildRules = (
			);
			dependencies = (
			);
			name = ARKitPlanes;
			productName = ARKitPlanes;
			productReference = 30D6D0C0285CD7C4003D3696 /* ARKitPlanes.app */;
			productType = "com.apple.product-type.application";
		};
/* End PBXNativeTarget section */

/* Begin PBXProject section */
		30D6D0B8285CD7C4003D3696 /* Project object */ = {
			isa = PBXProject;
			attributes = {
				BuildIndependentTargetsInParallel = 1;
				LastSwiftUpdateCheck = 1320;
				LastUpgradeCheck = 1320;
				TargetAttributes = {
					30D6D0BF285CD7C4003D3696 = {
						CreatedOnToolsVersion = 13.2.1;
					};
				};
			};
			buildConfigurationList = 30D6D0BB285CD7C4003D3696 /* Build configuration list for PBXProject "ARKitPlanes" */;
			compatibilityVersion = "Xcode 13.0";
			developmentRegion = en;
			hasScannedForEncodings = 0;
			knownRegions = (
				en,
				Base,
			);
			mainGroup = 30D6D0B7285CD7C4003D3696;
			productRefGroup = 30D6D0C1285CD7C4003D3696 /* Products */;
			projectDirPath = "";
			projectRoot = "";
			targets = (
				30D6D0BF285CD7C4003D3696 /* ARKitPlanes */,
			);
		};
/* End PBXProject section */

/* Begin PBXResourcesBuildPhase section */
		30D6D0BE285CD7C4003D3696 /* Resources */ = {
			isa = PBXResourcesBuildPhase;
			buildActionMask = 2147483647;
			files = (
				30D6D0C6285CD7C4003D3696 /* art.scnassets in Resources */,
				30D6D0D0285CD7C6003D3696 /* LaunchScreen.storyboard in Resources */,
				30D6D0CD285CD7C6003D3696 /* Assets.xcassets in Resources */,
				30D6D0CB285CD7C4003D3696 /* Main.storyboard in Resources */,
			);
			runOnlyForDeploymentPostprocessing = 0;
		};
/* End PBXResourcesBuildPhase section */

/* Begin PBXSourcesBuildPhase section */
		30D6D0BC285CD7C4003D3696 /* Sources */ = {
			isa = PBXSourcesBuildPhase;
			buildActionMask = 2147483647;
			files = (
				30D6D0C8285CD7C4003D3696 /* ViewController.swift in Sources */,
				30D6D0D9285D2960003D3696 /* Box.swift in Sources */,
				306DFCC42860B6DF00C96219 /* VirtualObject.swift in Sources */,
				306DFCC2285F688A00C96219 /* BitMaskCategory.swift in Sources */,
				30D6D0D7285CD7F4003D3696 /* Plane.swift in Sources */,
				30D6D0C4285CD7C4003D3696 /* AppDelegate.swift in Sources */,
			);
			runOnlyForDeploymentPostprocessing = 0;
		};
/* End PBXSourcesBuildPhase section */

/* Begin PBXVariantGroup section */
		30D6D0C9285CD7C4003D3696 /* Main.storyboard */ = {
			isa = PBXVariantGroup;
			children = (
				30D6D0CA285CD7C4003D3696 /* Base */,
			);
			name = Main.storyboard;
			sourceTree = "<group>";
		};
		30D6D0CE285CD7C6003D3696 /* LaunchScreen.storyboard */ = {
			isa = PBXVariantGroup;
			children = (
				30D6D0CF285CD7C6003D3696 /* Base */,
			);
			name = LaunchScreen.storyboard;
			sourceTree = "<group>";
		};
/* End PBXVariantGroup section */

/* Begin XCBuildConfiguration section */
		30D6D0D1285CD7C6003D3696 /* Debug */ = {
			isa = XCBuildConfiguration;
			buildSettings = {
				ALWAYS_SEARCH_USER_PATHS = NO;
				CLANG_ANALYZER_NONNULL = YES;
				CLANG_ANALYZER_NUMBER_OBJECT_CONVERSION = YES_AGGRESSIVE;
				CLANG_CXX_LANGUAGE_STANDARD = "gnu++17";
				CLANG_CXX_LIBRARY = "libc++";
				CLANG_ENABLE_MODULES = YES;
				CLANG_ENABLE_OBJC_ARC = YES;
				CLANG_ENABLE_OBJC_WEAK = YES;
				CLANG_WARN_BLOCK_CAPTURE_AUTORELEASING = YES;
				CLANG_WARN_BOOL_CONVERSION = YES;
				CLANG_WARN_COMMA = YES;
				CLANG_WARN_CONSTANT_CONVERSION = YES;
				CLANG_WARN_DEPRECATED_OBJC_IMPLEMENTATIONS = YES;
				CLANG_WARN_DIRECT_OBJC_ISA_USAGE = YES_ERROR;
				CLANG_WARN_DOCUMENTATION_COMMENTS = YES;
				CLANG_WARN_EMPTY_BODY = YES;
				CLANG_WARN_ENUM_CONVERSION = YES;
				CLANG_WARN_INFINITE_RECURSION = YES;
				CLANG_WARN_INT_CONVERSION = YES;
				CLANG_WARN_NON_LITERAL_NULL_CONVERSION = YES;
				CLANG_WARN_OBJC_IMPLICIT_RETAIN_SELF = YES;
				CLANG_WARN_OBJC_LITERAL_CONVERSION = YES;
				CLANG_WARN_OBJC_ROOT_CLASS = YES_ERROR;
				CLANG_WARN_QUOTED_INCLUDE_IN_FRAMEWORK_HEADER = YES;
				CLANG_WARN_RANGE_LOOP_ANALYSIS = YES;
				CLANG_WARN_STRICT_PROTOTYPES = YES;
				CLANG_WARN_SUSPICIOUS_MOVE = YES;
				CLANG_WARN_UNGUARDED_AVAILABILITY = YES_AGGRESSIVE;
				CLANG_WARN_UNREACHABLE_CODE = YES;
				CLANG_WARN__DUPLICATE_METHOD_MATCH = YES;
				COPY_PHASE_STRIP = NO;
				DEBUG_INFORMATION_FORMAT = dwarf;
				ENABLE_STRICT_OBJC_MSGSEND = YES;
				ENABLE_TESTABILITY = YES;
				GCC_C_LANGUAGE_STANDARD = gnu11;
				GCC_DYNAMIC_NO_PIC = NO;
				GCC_NO_COMMON_BLOCKS = YES;
				GCC_OPTIMIZATION_LEVEL = 0;
				GCC_PREPROCESSOR_DEFINITIONS = (
					"DEBUG=1",
					"$(inherited)",
				);
				GCC_WARN_64_TO_32_BIT_CONVERSION = YES;
				GCC_WARN_ABOUT_RETURN_TYPE = YES_ERROR;
				GCC_WARN_UNDECLARED_SELECTOR = YES;
				GCC_WARN_UNINITIALIZED_AUTOS = YES_AGGRESSIVE;
				GCC_WARN_UNUSED_FUNCTION = YES;
				GCC_WARN_UNUSED_VARIABLE = YES;
				IPHONEOS_DEPLOYMENT_TARGET = 15.2;
				MTL_ENABLE_DEBUG_INFO = INCLUDE_SOURCE;
				MTL_FAST_MATH = YES;
				ONLY_ACTIVE_ARCH = YES;
				SDKROOT = iphoneos;
				SWIFT_ACTIVE_COMPILATION_CONDITIONS = DEBUG;
				SWIFT_OPTIMIZATION_LEVEL = "-Onone";
			};
			name = Debug;
		};
		30D6D0D2285CD7C6003D3696 /* Release */ = {
			isa = XCBuildConfiguration;
			buildSettings = {
				ALWAYS_SEARCH_USER_PATHS = NO;
				CLANG_ANALYZER_NONNULL = YES;
				CLANG_ANALYZER_NUMBER_OBJECT_CONVERSION = YES_AGGRESSIVE;
				CLANG_CXX_LANGUAGE_STANDARD = "gnu++17";
				CLANG_CXX_LIBRARY = "libc++";
				CLANG_ENABLE_MODULES = YES;
				CLANG_ENABLE_OBJC_ARC = YES;
				CLANG_ENABLE_OBJC_WEAK = YES;
				CLANG_WARN_BLOCK_CAPTURE_AUTORELEASING = YES;
				CLANG_WARN_BOOL_CONVERSION = YES;
				CLANG_WARN_COMMA = YES;
				CLANG_WARN_CONSTANT_CONVERSION = YES;
				CLANG_WARN_DEPRECATED_OBJC_IMPLEMENTATIONS = YES;
				CLANG_WARN_DIRECT_OBJC_ISA_USAGE = YES_ERROR;
				CLANG_WARN_DOCUMENTATION_COMMENTS = YES;
				CLANG_WARN_EMPTY_BODY = YES;
				CLANG_WARN_ENUM_CONVERSION = YES;
				CLANG_WARN_INFINITE_RECURSION = YES;
				CLANG_WARN_INT_CONVERSION = YES;
				CLANG_WARN_NON_LITERAL_NULL_CONVERSION = YES;
				CLANG_WARN_OBJC_IMPLICIT_RETAIN_SELF = YES;
				CLANG_WARN_OBJC_LITERAL_CONVERSION = YES;
				CLANG_WARN_OBJC_ROOT_CLASS = YES_ERROR;
				CLANG_WARN_QUOTED_INCLUDE_IN_FRAMEWORK_HEADER = YES;
				CLANG_WARN_RANGE_LOOP_ANALYSIS = YES;
				CLANG_WARN_STRICT_PROTOTYPES = YES;
				CLANG_WARN_SUSPICIOUS_MOVE = YES;
				CLANG_WARN_UNGUARDED_AVAILABILITY = YES_AGGRESSIVE;
				CLANG_WARN_UNREACHABLE_CODE = YES;
				CLANG_WARN__DUPLICATE_METHOD_MATCH = YES;
				COPY_PHASE_STRIP = NO;
				DEBUG_INFORMATION_FORMAT = "dwarf-with-dsym";
				ENABLE_NS_ASSERTIONS = NO;
				ENABLE_STRICT_OBJC_MSGSEND = YES;
				GCC_C_LANGUAGE_STANDARD = gnu11;
				GCC_NO_COMMON_BLOCKS = YES;
				GCC_WARN_64_TO_32_BIT_CONVERSION = YES;
				GCC_WARN_ABOUT_RETURN_TYPE = YES_ERROR;
				GCC_WARN_UNDECLARED_SELECTOR = YES;
				GCC_WARN_UNINITIALIZED_AUTOS = YES_AGGRESSIVE;
				GCC_WARN_UNUSED_FUNCTION = YES;
				GCC_WARN_UNUSED_VARIABLE = YES;
				IPHONEOS_DEPLOYMENT_TARGET = 15.2;
				MTL_ENABLE_DEBUG_INFO = NO;
				MTL_FAST_MATH = YES;
				SDKROOT = iphoneos;
				SWIFT_COMPILATION_MODE = wholemodule;
				SWIFT_OPTIMIZATION_LEVEL = "-O";
				VALIDATE_PRODUCT = YES;
			};
			name = Release;
		};
		30D6D0D4285CD7C6003D3696 /* Debug */ = {
			isa = XCBuildConfiguration;
			buildSettings = {
				ASSETCATALOG_COMPILER_APPICON_NAME = AppIcon;
				ASSETCATALOG_COMPILER_GLOBAL_ACCENT_COLOR_NAME = AccentColor;
				CODE_SIGN_STYLE = Automatic;
				CURRENT_PROJECT_VERSION = 1;
				DEVELOPMENT_TEAM = PNS3V7H8RX;
				GENERATE_INFOPLIST_FILE = YES;
				INFOPLIST_KEY_NSCameraUsageDescription = "";
				INFOPLIST_KEY_UIApplicationSupportsIndirectInputEvents = YES;
				INFOPLIST_KEY_UILaunchStoryboardName = LaunchScreen;
				INFOPLIST_KEY_UIMainStoryboardFile = Main;
				INFOPLIST_KEY_UIRequiredDeviceCapabilities = arkit;
				INFOPLIST_KEY_UIStatusBarHidden = YES;
				INFOPLIST_KEY_UISupportedInterfaceOrientations_iPad = "UIInterfaceOrientationPortrait UIInterfaceOrientationPortraitUpsideDown UIInterfaceOrientationLandscapeLeft UIInterfaceOrientationLandscapeRight";
				INFOPLIST_KEY_UISupportedInterfaceOrientations_iPhone = "UIInterfaceOrientationPortrait UIInterfaceOrientationLandscapeLeft UIInterfaceOrientationLandscapeRight";
				LD_RUNPATH_SEARCH_PATHS = (
					"$(inherited)",
					"@executable_path/Frameworks",
				);
				MARKETING_VERSION = 1.0;
				PRODUCT_BUNDLE_IDENTIFIER = Home.ARKitPlanes;
				PRODUCT_NAME = "$(TARGET_NAME)";
				SWIFT_EMIT_LOC_STRINGS = YES;
				SWIFT_VERSION = 5.0;
				TARGETED_DEVICE_FAMILY = "1,2";
			};
			name = Debug;
		};
		30D6D0D5285CD7C6003D3696 /* Release */ = {
			isa = XCBuildConfiguration;
			buildSettings = {
				ASSETCATALOG_COMPILER_APPICON_NAME = AppIcon;
				ASSETCATALOG_COMPILER_GLOBAL_ACCENT_COLOR_NAME = AccentColor;
				CODE_SIGN_STYLE = Automatic;
				CURRENT_PROJECT_VERSION = 1;
				DEVELOPMENT_TEAM = PNS3V7H8RX;
				GENERATE_INFOPLIST_FILE = YES;
				INFOPLIST_KEY_NSCameraUsageDescription = "";
				INFOPLIST_KEY_UIApplicationSupportsIndirectInputEvents = YES;
				INFOPLIST_KEY_UILaunchStoryboardName = LaunchScreen;
				INFOPLIST_KEY_UIMainStoryboardFile = Main;
				INFOPLIST_KEY_UIRequiredDeviceCapabilities = arkit;
				INFOPLIST_KEY_UIStatusBarHidden = YES;
				INFOPLIST_KEY_UISupportedInterfaceOrientations_iPad = "UIInterfaceOrientationPortrait UIInterfaceOrientationPortraitUpsideDown UIInterfaceOrientationLandscapeLeft UIInterfaceOrientationLandscapeRight";
				INFOPLIST_KEY_UISupportedInterfaceOrientations_iPhone = "UIInterfaceOrientationPortrait UIInterfaceOrientationLandscapeLeft UIInterfaceOrientationLandscapeRight";
				LD_RUNPATH_SEARCH_PATHS = (
					"$(inherited)",
					"@executable_path/Frameworks",
				);
				MARKETING_VERSION = 1.0;
				PRODUCT_BUNDLE_IDENTIFIER = Home.ARKitPlanes;
				PRODUCT_NAME = "$(TARGET_NAME)";
				SWIFT_EMIT_LOC_STRINGS = YES;
				SWIFT_VERSION = 5.0;
				TARGETED_DEVICE_FAMILY = "1,2";
			};
			name = Release;
		};
/* End XCBuildConfiguration section */

/* Begin XCConfigurationList section */
		30D6D0BB285CD7C4003D3696 /* Build configuration list for PBXProject "ARKitPlanes" */ = {
			isa = XCConfigurationList;
			buildConfigurations = (
				30D6D0D1285CD7C6003D3696 /* Debug */,
				30D6D0D2285CD7C6003D3696 /* Release */,
			);
			defaultConfigurationIsVisible = 0;
			defaultConfigurationName = Release;
		};
		30D6D0D3285CD7C6003D3696 /* Build configuration list for PBXNativeTarget "ARKitPlanes" */ = {
			isa = XCConfigurationList;
			buildConfigurations = (
				30D6D0D4285CD7C6003D3696 /* Debug */,
				30D6D0D5285CD7C6003D3696 /* Release */,
			);
			defaultConfigurationIsVisible = 0;
			defaultConfigurationName = Release;
		};
/* End XCConfigurationList section */
	};
	rootObject = 30D6D0B8285CD7C4003D3696 /* Project object */;
}
